// !$*UTF8*$!
{
	archiveVersion = 1;
	classes = {
	};
	objectVersion = 50;
	objects = {

/* Begin PBXBuildFile section */
		0615010D2100780E00D72A64 /* AppDelegate.swift in Sources */ = {isa = PBXBuildFile; fileRef = 0615010C2100780E00D72A64 /* AppDelegate.swift */; };
		0615010F2100780E00D72A64 /* ViewController.swift in Sources */ = {isa = PBXBuildFile; fileRef = 0615010E2100780E00D72A64 /* ViewController.swift */; };
		061501122100780E00D72A64 /* Main.storyboard in Resources */ = {isa = PBXBuildFile; fileRef = 061501102100780E00D72A64 /* Main.storyboard */; };
		061501152100780E00D72A64 /* CoreDataManagerSwift.xcdatamodeld in Sources */ = {isa = PBXBuildFile; fileRef = 061501132100780E00D72A64 /* CoreDataManagerSwift.xcdatamodeld */; };
		061501172100781600D72A64 /* Assets.xcassets in Resources */ = {isa = PBXBuildFile; fileRef = 061501162100781600D72A64 /* Assets.xcassets */; };
		0615011A2100781600D72A64 /* LaunchScreen.storyboard in Resources */ = {isa = PBXBuildFile; fileRef = 061501182100781600D72A64 /* LaunchScreen.storyboard */; };
/* End PBXBuildFile section */

/* Begin PBXFileReference section */
		061501092100780E00D72A64 /* CoreDataManagerSwift.app */ = {isa = PBXFileReference; explicitFileType = wrapper.application; includeInIndex = 0; path = CoreDataManagerSwift.app; sourceTree = BUILT_PRODUCTS_DIR; };
		0615010C2100780E00D72A64 /* AppDelegate.swift */ = {isa = PBXFileReference; lastKnownFileType = sourcecode.swift; path = AppDelegate.swift; sourceTree = "<group>"; };
		0615010E2100780E00D72A64 /* ViewController.swift */ = {isa = PBXFileReference; lastKnownFileType = sourcecode.swift; path = ViewController.swift; sourceTree = "<group>"; };
		061501112100780E00D72A64 /* Base */ = {isa = PBXFileReference; lastKnownFileType = file.storyboard; name = Base; path = Base.lproj/Main.storyboard; sourceTree = "<group>"; };
		061501142100780E00D72A64 /* CoreDataManagerSwift.xcdatamodel */ = {isa = PBXFileReference; lastKnownFileType = wrapper.xcdatamodel; path = CoreDataManagerSwift.xcdatamodel; sourceTree = "<group>"; };
		061501162100781600D72A64 /* Assets.xcassets */ = {isa = PBXFileReference; lastKnownFileType = folder.assetcatalog; path = Assets.xcassets; sourceTree = "<group>"; };
		061501192100781600D72A64 /* Base */ = {isa = PBXFileReference; lastKnownFileType = file.storyboard; name = Base; path = Base.lproj/LaunchScreen.storyboard; sourceTree = "<group>"; };
		0615011B2100781600D72A64 /* Info.plist */ = {isa = PBXFileReference; lastKnownFileType = text.plist.xml; path = Info.plist; sourceTree = "<group>"; };
/* End PBXFileReference section */

/* Begin PBXFrameworksBuildPhase section */
		061501062100780E00D72A64 /* Frameworks */ = {
			isa = PBXFrameworksBuildPhase;
			buildActionMask = 2147483647;
			files = (
			);
			runOnlyForDeploymentPostprocessing = 0;
		};
/* End PBXFrameworksBuildPhase section */

/* Begin PBXGroup section */
		061501002100780E00D72A64 = {
			isa = PBXGroup;
			children = (
				0615010B2100780E00D72A64 /* CoreDataManagerSwift */,
				0615010A2100780E00D72A64 /* Products */,
			);
			sourceTree = "<group>";
		};
		0615010A2100780E00D72A64 /* Products */ = {
			isa = PBXGroup;
			children = (
				061501092100780E00D72A64 /* CoreDataManagerSwift.app */,
			);
			name = Products;
			sourceTree = "<group>";
		};
		0615010B2100780E00D72A64 /* CoreDataManagerSwift */ = {
			isa = PBXGroup;
			children = (
				0615010C2100780E00D72A64 /* AppDelegate.swift */,
				0615010E2100780E00D72A64 /* ViewController.swift */,
				061501102100780E00D72A64 /* Main.storyboard */,
				061501162100781600D72A64 /* Assets.xcassets */,
				061501182100781600D72A64 /* LaunchScreen.storyboard */,
				0615011B2100781600D72A64 /* Info.plist */,
				061501132100780E00D72A64 /* CoreDataManagerSwift.xcdatamodeld */,
			);
			path = CoreDataManagerSwift;
			sourceTree = "<group>";
		};
/* End PBXGroup section */

/* Begin PBXNativeTarget section */
		061501082100780E00D72A64 /* CoreDataManagerSwift */ = {
			isa = PBXNativeTarget;
			buildConfigurationList = 0615011E2100781600D72A64 /* Build configuration list for PBXNativeTarget "CoreDataManagerSwift" */;
			buildPhases = (
				061501052100780E00D72A64 /* Sources */,
				061501062100780E00D72A64 /* Frameworks */,
				061501072100780E00D72A64 /* Resources */,
			);
			buildRules = (
			);
			dependencies = (
			);
			name = CoreDataManagerSwift;
			productName = CoreDataManagerSwift;
			productReference = 061501092100780E00D72A64 /* CoreDataManagerSwift.app */;
			productType = "com.apple.product-type.application";
		};
/* End PBXNativeTarget section */

/* Begin PBXProject section */
		061501012100780E00D72A64 /* Project object */ = {
			isa = PBXProject;
			attributes = {
				LastSwiftUpdateCheck = 0930;
				LastUpgradeCheck = 0930;
				ORGANIZATIONNAME = Shanthakumar;
				TargetAttributes = {
					061501082100780E00D72A64 = {
						CreatedOnToolsVersion = 9.3;
					};
				};
			};
			buildConfigurationList = 061501042100780E00D72A64 /* Build configuration list for PBXProject "CoreDataManagerSwift" */;
			compatibilityVersion = "Xcode 9.3";
			developmentRegion = en;
			hasScannedForEncodings = 0;
			knownRegions = (
				en,
				Base,
			);
			mainGroup = 061501002100780E00D72A64;
			productRefGroup = 0615010A2100780E00D72A64 /* Products */;
			projectDirPath = "";
			projectRoot = "";
			targets = (
				061501082100780E00D72A64 /* CoreDataManagerSwift */,
			);
		};
/* End PBXProject section */

/* Begin PBXResourcesBuildPhase section */
		061501072100780E00D72A64 /* Resources */ = {
			isa = PBXResourcesBuildPhase;
			buildActionMask = 2147483647;
			files = (
				0615011A2100781600D72A64 /* LaunchScreen.storyboard in Resources */,
				061501172100781600D72A64 /* Assets.xcassets in Resources */,
				061501122100780E00D72A64 /* Main.storyboard in Resources */,
			);
			runOnlyForDeploymentPostprocessing = 0;
		};
/* End PBXResourcesBuildPhase section */

/* Begin PBXSourcesBuildPhase section */
		061501052100780E00D72A64 /* Sources */ = {
			isa = PBXSourcesBuildPhase;
			buildActionMask = 2147483647;
			files = (
				0615010F2100780E00D72A64 /* ViewController.swift in Sources */,
				061501152100780E00D72A64 /* CoreDataManagerSwift.xcdatamodeld in Sources */,
				0615010D2100780E00D72A64 /* AppDelegate.swift in Sources */,
			);
			runOnlyForDeploymentPostprocessing = 0;
		};
/* End PBXSourcesBuildPhase section */

/* Begin PBXVariantGroup section */
		061501102100780E00D72A64 /* Main.storyboard */ = {
			isa = PBXVariantGroup;
			children = (
				061501112100780E00D72A64 /* Base */,
			);
			name = Main.storyboard;
			sourceTree = "<group>";
		};
		061501182100781600D72A64 /* LaunchScreen.storyboard */ = {
			isa = PBXVariantGroup;
			children = (
				061501192100781600D72A64 /* Base */,
			);
			name = LaunchScreen.storyboard;
			sourceTree = "<group>";
		};
/* End PBXVariantGroup section */

/* Begin XCBuildConfiguration section */
		0615011C2100781600D72A64 /* Debug */ = {
			isa = XCBuildConfiguration;
			buildSettings = {
				ALWAYS_SEARCH_USER_PATHS = NO;
				CLANG_ANALYZER_NONNULL = YES;
				CLANG_ANALYZER_NUMBER_OBJECT_CONVERSION = YES_AGGRESSIVE;
				CLANG_CXX_LANGUAGE_STANDARD = "gnu++14";
				CLANG_CXX_LIBRARY = "libc++";
				CLANG_ENABLE_MODULES = YES;
				CLANG_ENABLE_OBJC_ARC = YES;
				CLANG_ENABLE_OBJC_WEAK = YES;
				CLANG_WARN_BLOCK_CAPTURE_AUTORELEASING = YES;
				CLANG_WARN_BOOL_CONVERSION = YES;
				CLANG_WARN_COMMA = YES;
				CLANG_WARN_CONSTANT_CONVERSION = YES;
				CLANG_WARN_DEPRECATED_OBJC_IMPLEMENTATIONS = YES;
				CLANG_WARN_DIRECT_OBJC_ISA_USAGE = YES_ERROR;
				CLANG_WARN_DOCUMENTATION_COMMENTS = YES;
				CLANG_WARN_EMPTY_BODY = YES;
				CLANG_WARN_ENUM_CONVERSION = YES;
				CLANG_WARN_INFINITE_RECURSION = YES;
				CLANG_WARN_INT_CONVERSION = YES;
				CLANG_WARN_NON_LITERAL_NULL_CONVERSION = YES;
				CLANG_WARN_OBJC_IMPLICIT_RETAIN_SELF = YES;
				CLANG_WARN_OBJC_LITERAL_CONVERSION = YES;
				CLANG_WARN_OBJC_ROOT_CLASS = YES_ERROR;
				CLANG_WARN_RANGE_LOOP_ANALYSIS = YES;
				CLANG_WARN_STRICT_PROTOTYPES = YES;
				CLANG_WARN_SUSPICIOUS_MOVE = YES;
				CLANG_WARN_UNGUARDED_AVAILABILITY = YES_AGGRESSIVE;
				CLANG_WARN_UNREACHABLE_CODE = YES;
				CLANG_WARN__DUPLICATE_METHOD_MATCH = YES;
				CODE_SIGN_IDENTITY = "iPhone Developer";
				COPY_PHASE_STRIP = NO;
				DEBUG_INFORMATION_FORMAT = dwarf;
				ENABLE_STRICT_OBJC_MSGSEND = YES;
				ENABLE_TESTABILITY = YES;
				GCC_C_LANGUAGE_STANDARD = gnu11;
				GCC_DYNAMIC_NO_PIC = NO;
				GCC_NO_COMMON_BLOCKS = YES;
				GCC_OPTIMIZATION_LEVEL = 0;
				GCC_PREPROCESSOR_DEFINITIONS = (
					"DEBUG=1",
					"$(inherited)",
				);
				GCC_WARN_64_TO_32_BIT_CONVERSION = YES;
				GCC_WARN_ABOUT_RETURN_TYPE = YES_ERROR;
				GCC_WARN_UNDECLARED_SELECTOR = YES;
				GCC_WARN_UNINITIALIZED_AUTOS = YES_AGGRESSIVE;
				GCC_WARN_UNUSED_FUNCTION = YES;
				GCC_WARN_UNUSED_VARIABLE = YES;
				IPHONEOS_DEPLOYMENT_TARGET = 11.3;
				MTL_ENABLE_DEBUG_INFO = YES;
				ONLY_ACTIVE_ARCH = YES;
				SDKROOT = iphoneos;
				SWIFT_ACTIVE_COMPILATION_CONDITIONS = DEBUG;
				SWIFT_OPTIMIZATION_LEVEL = "-Onone";
			};
			name = Debug;
		};
		0615011D2100781600D72A64 /* Release */ = {
			isa = XCBuildConfiguration;
			buildSettings = {
				ALWAYS_SEARCH_USER_PATHS = NO;
				CLANG_ANALYZER_NONNULL = YES;
				CLANG_ANALYZER_NUMBER_OBJECT_CONVERSION = YES_AGGRESSIVE;
				CLANG_CXX_LANGUAGE_STANDARD = "gnu++14";
				CLANG_CXX_LIBRARY = "libc++";
				CLANG_ENABLE_MODULES = YES;
				CLANG_ENABLE_OBJC_ARC = YES;
				CLANG_ENABLE_OBJC_WEAK = YES;
				CLANG_WARN_BLOCK_CAPTURE_AUTORELEASING = YES;
				CLANG_WARN_BOOL_CONVERSION = YES;
				CLANG_WARN_COMMA = YES;
				CLANG_WARN_CONSTANT_CONVERSION = YES;
				CLANG_WARN_DEPRECATED_OBJC_IMPLEMENTATIONS = YES;
				CLANG_WARN_DIRECT_OBJC_ISA_USAGE = YES_ERROR;
				CLANG_WARN_DOCUMENTATION_COMMENTS = YES;
				CLANG_WARN_EMPTY_BODY = YES;
				CLANG_WARN_ENUM_CONVERSION = YES;
				CLANG_WARN_INFINITE_RECURSION = YES;
				CLANG_WARN_INT_CONVERSION = YES;
				CLANG_WARN_NON_LITERAL_NULL_CONVERSION = YES;
				CLANG_WARN_OBJC_IMPLICIT_RETAIN_SELF = YES;
				CLANG_WARN_OBJC_LITERAL_CONVERSION = YES;
				CLANG_WARN_OBJC_ROOT_CLASS = YES_ERROR;
				CLANG_WARN_RANGE_LOOP_ANALYSIS = YES;
				CLANG_WARN_STRICT_PROTOTYPES = YES;
				CLANG_WARN_SUSPICIOUS_MOVE = YES;
				CLANG_WARN_UNGUARDED_AVAILABILITY = YES_AGGRESSIVE;
				CLANG_WARN_UNREACHABLE_CODE = YES;
				CLANG_WARN__DUPLICATE_METHOD_MATCH = YES;
				CODE_SIGN_IDENTITY = "iPhone Developer";
				COPY_PHASE_STRIP = NO;
				DEBUG_INFORMATION_FORMAT = "dwarf-with-dsym";
				ENABLE_NS_ASSERTIONS = NO;
				ENABLE_STRICT_OBJC_MSGSEND = YES;
				GCC_C_LANGUAGE_STANDARD = gnu11;
				GCC_NO_COMMON_BLOCKS = YES;
				GCC_WARN_64_TO_32_BIT_CONVERSION = YES;
				GCC_WARN_ABOUT_RETURN_TYPE = YES_ERROR;
				GCC_WARN_UNDECLARED_SELECTOR = YES;
				GCC_WARN_UNINITIALIZED_AUTOS = YES_AGGRESSIVE;
				GCC_WARN_UNUSED_FUNCTION = YES;
				GCC_WARN_UNUSED_VARIABLE = YES;
				IPHONEOS_DEPLOYMENT_TARGET = 11.3;
				MTL_ENABLE_DEBUG_INFO = NO;
				SDKROOT = iphoneos;
				SWIFT_COMPILATION_MODE = wholemodule;
				SWIFT_OPTIMIZATION_LEVEL = "-O";
				VALIDATE_PRODUCT = YES;
			};
			name = Release;
		};
		0615011F2100781600D72A64 /* Debug */ = {
			isa = XCBuildConfiguration;
			buildSettings = {
				ASSETCATALOG_COMPILER_APPICON_NAME = AppIcon;
				CODE_SIGN_STYLE = Automatic;
				INFOPLIST_FILE = CoreDataManagerSwift/Info.plist;
				LD_RUNPATH_SEARCH_PATHS = (
					"$(inherited)",
					"@executable_path/Frameworks",
				);
				PRODUCT_BUNDLE_IDENTIFIER = com.CoreDataManagerSwift;
				PRODUCT_NAME = "$(TARGET_NAME)";
				SWIFT_VERSION = 4.0;
				TARGETED_DEVICE_FAMILY = "1,2";
			};
			name = Debug;
		};
		061501202100781600D72A64 /* Release */ = {
			isa = XCBuildConfiguration;
			buildSettings = {
				ASSETCATALOG_COMPILER_APPICON_NAME = AppIcon;
				CODE_SIGN_STYLE = Automatic;
				INFOPLIST_FILE = CoreDataManagerSwift/Info.plist;
				LD_RUNPATH_SEARCH_PATHS = (
					"$(inherited)",
					"@executable_path/Frameworks",
				);
				PRODUCT_BUNDLE_IDENTIFIER = com.CoreDataManagerSwift;
				PRODUCT_NAME = "$(TARGET_NAME)";
				SWIFT_VERSION = 4.0;
				TARGETED_DEVICE_FAMILY = "1,2";
			};
			name = Release;
		};
/* End XCBuildConfiguration section */

/* Begin XCConfigurationList section */
		061501042100780E00D72A64 /* Build configuration list for PBXProject "CoreDataManagerSwift" */ = {
			isa = XCConfigurationList;
			buildConfigurations = (
				0615011C2100781600D72A64 /* Debug */,
				0615011D2100781600D72A64 /* Release */,
			);
			defaultConfigurationIsVisible = 0;
			defaultConfigurationName = Release;
		};
		0615011E2100781600D72A64 /* Build configuration list for PBXNativeTarget "CoreDataManagerSwift" */ = {
			isa = XCConfigurationList;
			buildConfigurations = (
				0615011F2100781600D72A64 /* Debug */,
				061501202100781600D72A64 /* Release */,
			);
			defaultConfigurationIsVisible = 0;
			defaultConfigurationName = Release;
		};
/* End XCConfigurationList section */

/* Begin XCVersionGroup section */
		061501132100780E00D72A64 /* CoreDataManagerSwift.xcdatamodeld */ = {
			isa = XCVersionGroup;
			children = (
				061501142100780E00D72A64 /* CoreDataManagerSwift.xcdatamodel */,
			);
			currentVersion = 061501142100780E00D72A64 /* CoreDataManagerSwift.xcdatamodel */;
			path = CoreDataManagerSwift.xcdatamodeld;
			sourceTree = "<group>";
			versionGroupType = wrapper.xcdatamodel;
		};
/* End XCVersionGroup section */
	};
	rootObject = 061501012100780E00D72A64 /* Project object */;
}
